
Microsoft Visual Studio Solution File, Format Version 12.00
# Visual Studio 15
VisualStudioVersion = 15.0.28307.271
MinimumVisualStudioVersion = 10.0.40219.1
Project("{FAE04EC0-301F-11D3-BF4B-00C04F79EFBC}") = "WebApplication2", "WebApplication2\WebApplication2.csproj", "{904A8491-EF1F-4C42-91BE-720F78DA96DF}"
EndProject
Global
	GlobalSection(SolutionConfigurationPlatforms) = preSolution
		Debug|Any CPU = Debug|Any CPU
		Release|Any CPU = Release|Any CPU
	EndGlobalSection
	GlobalSection(ProjectConfigurationPlatforms) = postSolution
		{904A8491-EF1F-4C42-91BE-720F78DA96DF}.Debug|Any CPU.ActiveCfg = Debug|Any CPU
		{904A8491-EF1F-4C42-91BE-720F78DA96DF}.Debug|Any CPU.Build.0 = Debug|Any CPU
		{904A8491-EF1F-4C42-91BE-720F78DA96DF}.Release|Any CPU.ActiveCfg = Release|Any CPU
		{904A8491-EF1F-4C42-91BE-720F78DA96DF}.Release|Any CPU.Build.0 = Release|Any CPU
	EndGlobalSection
	GlobalSection(SolutionProperties) = preSolution
		HideSolutionNode = FALSE
	EndGlobalSection
	GlobalSection(ExtensibilityGlobals) = postSolution
		SolutionGuid = {BAFADB0B-DA17-42F8-8617-82CA6CB214BC}
	EndGlobalSection
EndGlobal
